{
  "version": 4,
  "terraform_version": "1.10.5",
  "serial": 15,
  "lineage": "fbdfc513-a166-5964-6444-7d71d63c74fb",
  "outputs": {
    "instance_ip_addr_private": {
      "value": "172.31.17.98",
      "type": "string"
    },
    "instance_ip_addr_public": {
      "value": "18.140.240.131",
      "type": "string"
    },
    "security_group_id": {
      "value": "sg-0a9c07c79fc446cde",
      "type": "string"
    }
  },
  "resources": [
    {
      "mode": "managed",
      "type": "aws_eip",
      "name": "demo-eip",
      "provider": "provider[\"registry.terraform.io/hashicorp/aws\"]",
      "instances": [
        {
          "schema_version": 0,
          "attributes": {
            "address": null,
            "allocation_id": "eipalloc-0a7667074f60a6255",
            "arn": "arn:aws:ec2:ap-southeast-1:780910303191:elastic-ip/eipalloc-0a7667074f60a6255",
            "associate_with_private_ip": null,
            "association_id": "eipassoc-0b3f5c7ea04378145",
            "carrier_ip": "",
            "customer_owned_ip": "",
            "customer_owned_ipv4_pool": "",
            "domain": "vpc",
            "id": "eipalloc-0a7667074f60a6255",
            "instance": "i-092461baf9e4cfdb7",
            "ipam_pool_id": null,
            "network_border_group": "ap-southeast-1",
            "network_interface": "eni-09f54f33c2cf95568",
            "private_dns": "ip-172-31-17-98.ap-southeast-1.compute.internal",
            "private_ip": "172.31.17.98",
            "ptr_record": "",
            "public_dns": "ec2-18-140-240-131.ap-southeast-1.compute.amazonaws.com",
            "public_ip": "18.140.240.131",
            "public_ipv4_pool": "amazon",
            "tags": null,
            "tags_all": {},
            "timeouts": null,
            "vpc": true
          },
          "sensitive_attributes": [],
          "private": "eyJlMmJmYjczMC1lY2FhLTExZTYtOGY4OC0zNDM2M2JjN2M0YzAiOnsiZGVsZXRlIjoxODAwMDAwMDAwMDAsInJlYWQiOjkwMDAwMDAwMDAwMCwidXBkYXRlIjozMDAwMDAwMDAwMDB9fQ==",
          "dependencies": [
            "aws_instance.demo-instance",
            "aws_key_pair.udemy-keypair",
            "aws_security_group.test-security-group"
          ]
        }
      ]
    },
    {
      "mode": "managed",
      "type": "aws_instance",
      "name": "demo-instance",
      "provider": "provider[\"registry.terraform.io/hashicorp/aws\"]",
      "instances": [
        {
          "schema_version": 1,
          "attributes": {
            "ami": "ami-08908d9e195550170",
            "arn": "arn:aws:ec2:ap-southeast-1:780910303191:instance/i-092461baf9e4cfdb7",
            "associate_public_ip_address": true,
            "availability_zone": "ap-southeast-1a",
            "capacity_reservation_specification": [
              {
                "capacity_reservation_preference": "open",
                "capacity_reservation_target": []
              }
            ],
            "cpu_core_count": 1,
            "cpu_options": [
              {
                "amd_sev_snp": "",
                "core_count": 1,
                "threads_per_core": 1
              }
            ],
            "cpu_threads_per_core": 1,
            "credit_specification": [
              {
                "cpu_credits": "standard"
              }
            ],
            "disable_api_stop": false,
            "disable_api_termination": false,
            "ebs_block_device": [],
            "ebs_optimized": false,
            "enable_primary_ipv6": null,
            "enclave_options": [
              {
                "enabled": false
              }
            ],
            "ephemeral_block_device": [],
            "get_password_data": false,
            "hibernation": false,
            "host_id": "",
            "host_resource_group_arn": null,
            "iam_instance_profile": "",
            "id": "i-092461baf9e4cfdb7",
            "instance_initiated_shutdown_behavior": "stop",
            "instance_lifecycle": "",
            "instance_market_options": [],
            "instance_state": "running",
            "instance_type": "t2.micro",
            "ipv6_address_count": 0,
            "ipv6_addresses": [],
            "key_name": "udemy-keypair",
            "launch_template": [],
            "maintenance_options": [
              {
                "auto_recovery": "default"
              }
            ],
            "metadata_options": [
              {
                "http_endpoint": "enabled",
                "http_protocol_ipv6": "disabled",
                "http_put_response_hop_limit": 2,
                "http_tokens": "required",
                "instance_metadata_tags": "disabled"
              }
            ],
            "monitoring": false,
            "network_interface": [],
            "outpost_arn": "",
            "password_data": "",
            "placement_group": "",
            "placement_partition_number": 0,
            "primary_network_interface_id": "eni-09f54f33c2cf95568",
            "private_dns": "ip-172-31-17-98.ap-southeast-1.compute.internal",
            "private_dns_name_options": [
              {
                "enable_resource_name_dns_a_record": false,
                "enable_resource_name_dns_aaaa_record": false,
                "hostname_type": "ip-name"
              }
            ],
            "private_ip": "172.31.17.98",
            "public_dns": "ec2-13-215-190-82.ap-southeast-1.compute.amazonaws.com",
            "public_ip": "13.215.190.82",
            "root_block_device": [
              {
                "delete_on_termination": true,
                "device_name": "/dev/xvda",
                "encrypted": false,
                "iops": 3000,
                "kms_key_id": "",
                "tags": {},
                "tags_all": {},
                "throughput": 125,
                "volume_id": "vol-0e4e1eba0c4b0167d",
                "volume_size": 8,
                "volume_type": "gp3"
              }
            ],
            "secondary_private_ips": [],
            "security_groups": [
              "test-security-group"
            ],
            "source_dest_check": true,
            "spot_instance_request_id": "",
            "subnet_id": "subnet-015e4fe15fb54174e",
            "tags": {
              "Name": "Udemy Demo"
            },
            "tags_all": {
              "Name": "Udemy Demo"
            },
            "tenancy": "default",
            "timeouts": null,
            "user_data": null,
            "user_data_base64": null,
            "user_data_replace_on_change": false,
            "volume_tags": null,
            "vpc_security_group_ids": [
              "sg-0a9c07c79fc446cde"
            ]
          },
          "sensitive_attributes": [],
          "private": "eyJlMmJmYjczMC1lY2FhLTExZTYtOGY4OC0zNDM2M2JjN2M0YzAiOnsiY3JlYXRlIjo2MDAwMDAwMDAwMDAsImRlbGV0ZSI6MTIwMDAwMDAwMDAwMCwicmVhZCI6OTAwMDAwMDAwMDAwLCJ1cGRhdGUiOjYwMDAwMDAwMDAwMH0sInNjaGVtYV92ZXJzaW9uIjoiMSJ9",
          "dependencies": [
            "aws_key_pair.udemy-keypair",
            "aws_security_group.test-security-group"
          ]
        }
      ]
    },
    {
      "mode": "managed",
      "type": "aws_key_pair",
      "name": "udemy-keypair",
      "provider": "provider[\"registry.terraform.io/hashicorp/aws\"]",
      "instances": [
        {
          "schema_version": 1,
          "attributes": {
            "arn": "arn:aws:ec2:ap-southeast-1:780910303191:key-pair/udemy-keypair",
            "fingerprint": "f6:d8:c1:81:76:c1:77:83:8b:d1:22:90:39:48:b1:7d",
            "id": "udemy-keypair",
            "key_name": "udemy-keypair",
            "key_name_prefix": "",
            "key_pair_id": "key-0d9b94f982e88e65f",
            "key_type": "rsa",
            "public_key": "ssh-rsa AAAAB3NzaC1yc2EAAAADAQABAAACAQDNljIkKv03ywx0B3ONIYejFpyapexvA5FCqnvoc2rpk7qD5RAFh7k3PpSvLQVYLfxJpUGp4DlWlO/NMTpPg1D6y6PZSPNyh7+fBH6klU01tYIjXuPPaqePLLWVHIG7ZGI2+CziMCA3ay/rNaQYNrqC14lguYsFBPbQZlEZ38H23DpdRHzybIMRzi0GvYgWXtAa08H3U4lXzr9N530X0aZ5kLMy+sxrBEZmMgvJmqRho7sRcxGUs8YRl5fUTZ/iqvNqKV/l/8G1bfp4SSPsRFziGkBuGt/0A/iJ721jUue2tye7/xMWS5Xn4dbbrz1n/WIJ1Ih2ikFmAcyFrOI0pVG6HpKNqZRC7FW49Dt40cD0rTWCYLdcvfdA/jSmv6zGg5lUsZbAFagxUugblYvGHZ0/Koi/ogDweu+cNEfR9wRRGPPFjuA/53pMGeb2NlWGOcQhfunbLtvJVPXAUatm1EkTtRNmxMsuOuovBk6fL6jin9OCuox9X3L/c60g6IQnIbpgO9Hy9tFds1grrjc203fJsqyf8LlD9DsCigD7v7gADavGDLPbLJ01Xjqbrz2kDgzyO19vHb3MjfrhpfYGnm0NJiYtZDZnzMsM3q08s66WL2Hpsmc+jyWQmQF7/ViO+hOLeKkEBkfw4WYWTnKeEGrtRFmJlvXL8dj62dM8kihDUQ== lambn957@gmail.com",
            "tags": null,
            "tags_all": {}
          },
          "sensitive_attributes": [],
          "private": "eyJzY2hlbWFfdmVyc2lvbiI6IjEifQ=="
        }
      ]
    },
    {
      "mode": "managed",
      "type": "aws_security_group",
      "name": "test-security-group",
      "provider": "provider[\"registry.terraform.io/hashicorp/aws\"]",
      "instances": [
        {
          "schema_version": 1,
          "attributes": {
            "arn": "arn:aws:ec2:ap-southeast-1:780910303191:security-group/sg-0a9c07c79fc446cde",
            "description": "test-security-group",
            "egress": [
              {
                "cidr_blocks": [
                  "0.0.0.0/0"
                ],
                "description": "",
                "from_port": 0,
                "ipv6_cidr_blocks": [],
                "prefix_list_ids": [],
                "protocol": "-1",
                "security_groups": [],
                "self": false,
                "to_port": 0
              }
            ],
            "id": "sg-0a9c07c79fc446cde",
            "ingress": [
              {
                "cidr_blocks": [
                  "0.0.0.0/0"
                ],
                "description": "",
                "from_port": 22,
                "ipv6_cidr_blocks": [],
                "prefix_list_ids": [],
                "protocol": "tcp",
                "security_groups": [],
                "self": false,
                "to_port": 22
              },
              {
                "cidr_blocks": [
                  "0.0.0.0/0"
                ],
                "description": "",
                "from_port": 443,
                "ipv6_cidr_blocks": [],
                "prefix_list_ids": [],
                "protocol": "tcp",
                "security_groups": [],
                "self": false,
                "to_port": 443
              },
              {
                "cidr_blocks": [
                  "0.0.0.0/0"
                ],
                "description": "",
                "from_port": 80,
                "ipv6_cidr_blocks": [],
                "prefix_list_ids": [],
                "protocol": "tcp",
                "security_groups": [],
                "self": false,
                "to_port": 80
              }
            ],
            "name": "test-security-group",
            "name_prefix": "",
            "owner_id": "780910303191",
            "revoke_rules_on_delete": false,
            "tags": null,
            "tags_all": {},
            "timeouts": null,
            "vpc_id": "vpc-04bed5fd6bf25a2fb"
          },
          "sensitive_attributes": [],
          "private": "eyJlMmJmYjczMC1lY2FhLTExZTYtOGY4OC0zNDM2M2JjN2M0YzAiOnsiY3JlYXRlIjo2MDAwMDAwMDAwMDAsImRlbGV0ZSI6OTAwMDAwMDAwMDAwfSwic2NoZW1hX3ZlcnNpb24iOiIxIn0="
        }
      ]
    }
  ],
  "check_results": null
}
